
Microsoft Visual Studio Solution File, Format Version 12.00
# Visual Studio Version 17
VisualStudioVersion = 17.8.34330.188
MinimumVisualStudioVersion = 10.0.40219.1
Project("{FAE04EC0-301F-11D3-BF4B-00C04F79EFBC}") = "ConsoleCollection", "ConsoleCollection.csproj", "{48F2B222-2482-4F6E-BCF6-3DCF0ABF2475}"
EndProject
Global
	GlobalSection(SolutionConfigurationPlatforms) = preSolution
		Debug|Any CPU = Debug|Any CPU
		Release|Any CPU = Release|Any CPU
	EndGlobalSection
	GlobalSection(ProjectConfigurationPlatforms) = postSolution
		{48F2B222-2482-4F6E-BCF6-3DCF0ABF2475}.Debug|Any CPU.ActiveCfg = Debug|Any CPU
		{48F2B222-2482-4F6E-BCF6-3DCF0ABF2475}.Debug|Any CPU.Build.0 = Debug|Any CPU
		{48F2B222-2482-4F6E-BCF6-3DCF0ABF2475}.Release|Any CPU.ActiveCfg = Release|Any CPU
		{48F2B222-2482-4F6E-BCF6-3DCF0ABF2475}.Release|Any CPU.Build.0 = Release|Any CPU
	EndGlobalSection
	GlobalSection(SolutionProperties) = preSolution
		HideSolutionNode = FALSE
	EndGlobalSection
	GlobalSection(ExtensibilityGlobals) = postSolution
		SolutionGuid = {86053EDE-C0F5-48BB-9AE0-FB991E035BA2}
	EndGlobalSection
EndGlobal
